
Microsoft Visual Studio Solution File, Format Version 12.00
# Visual Studio Version 16
VisualStudioVersion = 16.0.30413.136
MinimumVisualStudioVersion = 10.0.40219.1
Project("{9A19103F-16F7-4668-BE54-9A1E7A4F7556}") = "PasswordGenerator", ".\PasswordGenerator\PasswordGenerator.csproj", "{32BE785C-2D8F-4AB1-AF72-17ED30962875}"
EndProject
Project("{9A19103F-16F7-4668-BE54-9A1E7A4F7556}") = "ConsoleApp", ".\ConsoleApp\ConsoleApp.csproj", "{DA7E2266-B599-46D1-AD50-B28DCBCE785B}"
EndProject
Project("{9A19103F-16F7-4668-BE54-9A1E7A4F7556}") = "PasswordGenerator.Test", ".\PasswordGenerator.Test\PasswordGenerator.Test.csproj", "{A2BBD625-5283-425E-A308-14AE3E637B40}"
EndProject
Project("{9A19103F-16F7-4668-BE54-9A1E7A4F7556}") = "WebApplication2", ".\WebApplication2\WebApplication2.csproj", "{DC4460C6-7C93-490F-B483-71E6DB529CEA}"
EndProject
Global
	GlobalSection(SolutionConfigurationPlatforms) = preSolution
		Debug|Any CPU = Debug|Any CPU
		Release|Any CPU = Release|Any CPU
	EndGlobalSection
	GlobalSection(ProjectConfigurationPlatforms) = postSolution
		{32BE785C-2D8F-4AB1-AF72-17ED30962875}.Debug|Any CPU.ActiveCfg = Debug|Any CPU
		{32BE785C-2D8F-4AB1-AF72-17ED30962875}.Debug|Any CPU.Build.0 = Debug|Any CPU
		{32BE785C-2D8F-4AB1-AF72-17ED30962875}.Release|Any CPU.ActiveCfg = Release|Any CPU
		{32BE785C-2D8F-4AB1-AF72-17ED30962875}.Release|Any CPU.Build.0 = Release|Any CPU
		{DA7E2266-B599-46D1-AD50-B28DCBCE785B}.Debug|Any CPU.ActiveCfg = Debug|Any CPU
		{DA7E2266-B599-46D1-AD50-B28DCBCE785B}.Debug|Any CPU.Build.0 = Debug|Any CPU
		{DA7E2266-B599-46D1-AD50-B28DCBCE785B}.Release|Any CPU.ActiveCfg = Release|Any CPU
		{DA7E2266-B599-46D1-AD50-B28DCBCE785B}.Release|Any CPU.Build.0 = Release|Any CPU
		{A2BBD625-5283-425E-A308-14AE3E637B40}.Debug|Any CPU.ActiveCfg = Debug|Any CPU
		{A2BBD625-5283-425E-A308-14AE3E637B40}.Debug|Any CPU.Build.0 = Debug|Any CPU
		{A2BBD625-5283-425E-A308-14AE3E637B40}.Release|Any CPU.ActiveCfg = Release|Any CPU
		{A2BBD625-5283-425E-A308-14AE3E637B40}.Release|Any CPU.Build.0 = Release|Any CPU
		{DC4460C6-7C93-490F-B483-71E6DB529CEA}.Debug|Any CPU.ActiveCfg = Debug|Any CPU
		{DC4460C6-7C93-490F-B483-71E6DB529CEA}.Debug|Any CPU.Build.0 = Debug|Any CPU
		{DC4460C6-7C93-490F-B483-71E6DB529CEA}.Release|Any CPU.ActiveCfg = Release|Any CPU
		{DC4460C6-7C93-490F-B483-71E6DB529CEA}.Release|Any CPU.Build.0 = Release|Any CPU
	EndGlobalSection
	GlobalSection(SolutionProperties) = preSolution
		HideSolutionNode = FALSE
	EndGlobalSection
	GlobalSection(ExtensibilityGlobals) = postSolution
		SolutionGuid = {B5298FED-F6A0-4ABE-98A2-6DB1CA76CD67}
	EndGlobalSection
EndGlobal
