
Microsoft Visual Studio Solution File, Format Version 12.00
# Visual Studio Version 16
VisualStudioVersion = 16.0.30523.141
MinimumVisualStudioVersion = 10.0.40219.1
Project("{9A19103F-16F7-4668-BE54-9A1E7A4F7556}") = "task1", "task1\task1.csproj", "{444D1A84-BFB6-46E4-8960-8AA76905F45D}"
EndProject
Project("{FAE04EC0-301F-11D3-BF4B-00C04F79EFBC}") = "task2", "task2\task2.csproj", "{07E19004-5144-42D7-907B-484326F1ADFB}"
EndProject
Project("{FAE04EC0-301F-11D3-BF4B-00C04F79EFBC}") = "task3", "task3\task3.csproj", "{89F475F2-77BD-485B-AF7C-0BA2DACBBFFC}"
EndProject
Global
	GlobalSection(SolutionConfigurationPlatforms) = preSolution
		Debug|Any CPU = Debug|Any CPU
		Release|Any CPU = Release|Any CPU
	EndGlobalSection
	GlobalSection(ProjectConfigurationPlatforms) = postSolution
		{444D1A84-BFB6-46E4-8960-8AA76905F45D}.Debug|Any CPU.ActiveCfg = Debug|Any CPU
		{444D1A84-BFB6-46E4-8960-8AA76905F45D}.Debug|Any CPU.Build.0 = Debug|Any CPU
		{444D1A84-BFB6-46E4-8960-8AA76905F45D}.Release|Any CPU.ActiveCfg = Release|Any CPU
		{444D1A84-BFB6-46E4-8960-8AA76905F45D}.Release|Any CPU.Build.0 = Release|Any CPU
		{07E19004-5144-42D7-907B-484326F1ADFB}.Debug|Any CPU.ActiveCfg = Debug|Any CPU
		{07E19004-5144-42D7-907B-484326F1ADFB}.Debug|Any CPU.Build.0 = Debug|Any CPU
		{07E19004-5144-42D7-907B-484326F1ADFB}.Release|Any CPU.ActiveCfg = Release|Any CPU
		{07E19004-5144-42D7-907B-484326F1ADFB}.Release|Any CPU.Build.0 = Release|Any CPU
		{89F475F2-77BD-485B-AF7C-0BA2DACBBFFC}.Debug|Any CPU.ActiveCfg = Debug|Any CPU
		{89F475F2-77BD-485B-AF7C-0BA2DACBBFFC}.Debug|Any CPU.Build.0 = Debug|Any CPU
		{89F475F2-77BD-485B-AF7C-0BA2DACBBFFC}.Release|Any CPU.ActiveCfg = Release|Any CPU
		{89F475F2-77BD-485B-AF7C-0BA2DACBBFFC}.Release|Any CPU.Build.0 = Release|Any CPU
	EndGlobalSection
	GlobalSection(SolutionProperties) = preSolution
		HideSolutionNode = FALSE
	EndGlobalSection
	GlobalSection(ExtensibilityGlobals) = postSolution
		SolutionGuid = {13EA8C8B-A893-4156-8108-EED555678172}
	EndGlobalSection
EndGlobal
